// !$*UTF8*$!
{
	archiveVersion = 1;
	classes = {
	};
	objectVersion = 50;
	objects = {

/* Begin PBXBuildFile section */
		65166EB2223CAE53008A9831 /* AppDelegate.swift in Sources */ = {isa = PBXBuildFile; fileRef = 65166EB1223CAE53008A9831 /* AppDelegate.swift */; };
		65166EB4223CAE53008A9831 /* HomeViewController.swift in Sources */ = {isa = PBXBuildFile; fileRef = 65166EB3223CAE53008A9831 /* HomeViewController.swift */; };
		65166EB7223CAE53008A9831 /* Main.storyboard in Resources */ = {isa = PBXBuildFile; fileRef = 65166EB5223CAE53008A9831 /* Main.storyboard */; };
		65166EB9223CAE56008A9831 /* Assets.xcassets in Resources */ = {isa = PBXBuildFile; fileRef = 65166EB8223CAE56008A9831 /* Assets.xcassets */; };
		65166EBC223CAE56008A9831 /* LaunchScreen.storyboard in Resources */ = {isa = PBXBuildFile; fileRef = 65166EBA223CAE56008A9831 /* LaunchScreen.storyboard */; };
		65166EC7223CAE56008A9831 /* Unihack2019Tests.swift in Sources */ = {isa = PBXBuildFile; fileRef = 65166EC6223CAE56008A9831 /* Unihack2019Tests.swift */; };
		65166ED2223CAE57008A9831 /* Unihack2019UITests.swift in Sources */ = {isa = PBXBuildFile; fileRef = 65166ED1223CAE57008A9831 /* Unihack2019UITests.swift */; };
/* End PBXBuildFile section */

/* Begin PBXContainerItemProxy section */
		65166EC3223CAE56008A9831 /* PBXContainerItemProxy */ = {
			isa = PBXContainerItemProxy;
			containerPortal = 65166EA6223CAE52008A9831 /* Project object */;
			proxyType = 1;
			remoteGlobalIDString = 65166EAD223CAE53008A9831;
			remoteInfo = Unihack2019;
		};
		65166ECE223CAE57008A9831 /* PBXContainerItemProxy */ = {
			isa = PBXContainerItemProxy;
			containerPortal = 65166EA6223CAE52008A9831 /* Project object */;
			proxyType = 1;
			remoteGlobalIDString = 65166EAD223CAE53008A9831;
			remoteInfo = Unihack2019;
		};
/* End PBXContainerItemProxy section */

/* Begin PBXFileReference section */
		65166EAE223CAE53008A9831 /* Unihack2019.app */ = {isa = PBXFileReference; explicitFileType = wrapper.application; includeInIndex = 0; path = Unihack2019.app; sourceTree = BUILT_PRODUCTS_DIR; };
		65166EB1223CAE53008A9831 /* AppDelegate.swift */ = {isa = PBXFileReference; lastKnownFileType = sourcecode.swift; path = AppDelegate.swift; sourceTree = "<group>"; };
		65166EB3223CAE53008A9831 /* HomeViewController.swift */ = {isa = PBXFileReference; lastKnownFileType = sourcecode.swift; path = HomeViewController.swift; sourceTree = "<group>"; };
		65166EB6223CAE53008A9831 /* Base */ = {isa = PBXFileReference; lastKnownFileType = file.storyboard; name = Base; path = Base.lproj/Main.storyboard; sourceTree = "<group>"; };
		65166EB8223CAE56008A9831 /* Assets.xcassets */ = {isa = PBXFileReference; lastKnownFileType = folder.assetcatalog; path = Assets.xcassets; sourceTree = "<group>"; };
		65166EBB223CAE56008A9831 /* Base */ = {isa = PBXFileReference; lastKnownFileType = file.storyboard; name = Base; path = Base.lproj/LaunchScreen.storyboard; sourceTree = "<group>"; };
		65166EBD223CAE56008A9831 /* Info.plist */ = {isa = PBXFileReference; lastKnownFileType = text.plist.xml; path = Info.plist; sourceTree = "<group>"; };
		65166EC2223CAE56008A9831 /* Unihack2019Tests.xctest */ = {isa = PBXFileReference; explicitFileType = wrapper.cfbundle; includeInIndex = 0; path = Unihack2019Tests.xctest; sourceTree = BUILT_PRODUCTS_DIR; };
		65166EC6223CAE56008A9831 /* Unihack2019Tests.swift */ = {isa = PBXFileReference; lastKnownFileType = sourcecode.swift; path = Unihack2019Tests.swift; sourceTree = "<group>"; };
		65166EC8223CAE56008A9831 /* Info.plist */ = {isa = PBXFileReference; lastKnownFileType = text.plist.xml; path = Info.plist; sourceTree = "<group>"; };
		65166ECD223CAE56008A9831 /* Unihack2019UITests.xctest */ = {isa = PBXFileReference; explicitFileType = wrapper.cfbundle; includeInIndex = 0; path = Unihack2019UITests.xctest; sourceTree = BUILT_PRODUCTS_DIR; };
		65166ED1223CAE57008A9831 /* Unihack2019UITests.swift */ = {isa = PBXFileReference; lastKnownFileType = sourcecode.swift; path = Unihack2019UITests.swift; sourceTree = "<group>"; };
		65166ED3223CAE57008A9831 /* Info.plist */ = {isa = PBXFileReference; lastKnownFileType = text.plist.xml; path = Info.plist; sourceTree = "<group>"; };
/* End PBXFileReference section */

/* Begin PBXFrameworksBuildPhase section */
		65166EAB223CAE53008A9831 /* Frameworks */ = {
			isa = PBXFrameworksBuildPhase;
			buildActionMask = 2147483647;
			files = (
			);
			runOnlyForDeploymentPostprocessing = 0;
		};
		65166EBF223CAE56008A9831 /* Frameworks */ = {
			isa = PBXFrameworksBuildPhase;
			buildActionMask = 2147483647;
			files = (
			);
			runOnlyForDeploymentPostprocessing = 0;
		};
		65166ECA223CAE56008A9831 /* Frameworks */ = {
			isa = PBXFrameworksBuildPhase;
			buildActionMask = 2147483647;
			files = (
			);
			runOnlyForDeploymentPostprocessing = 0;
		};
/* End PBXFrameworksBuildPhase section */

/* Begin PBXGroup section */
		65166EA5223CAE52008A9831 = {
			isa = PBXGroup;
			children = (
				65166EB0223CAE53008A9831 /* Unihack2019 */,
				65166EC5223CAE56008A9831 /* Unihack2019Tests */,
				65166ED0223CAE57008A9831 /* Unihack2019UITests */,
				65166EAF223CAE53008A9831 /* Products */,
			);
			sourceTree = "<group>";
		};
		65166EAF223CAE53008A9831 /* Products */ = {
			isa = PBXGroup;
			children = (
				65166EAE223CAE53008A9831 /* Unihack2019.app */,
				65166EC2223CAE56008A9831 /* Unihack2019Tests.xctest */,
				65166ECD223CAE56008A9831 /* Unihack2019UITests.xctest */,
			);
			name = Products;
			sourceTree = "<group>";
		};
		65166EB0223CAE53008A9831 /* Unihack2019 */ = {
			isa = PBXGroup;
			children = (
				65166EB1223CAE53008A9831 /* AppDelegate.swift */,
				65166EB3223CAE53008A9831 /* HomeViewController.swift */,
				65166EB5223CAE53008A9831 /* Main.storyboard */,
				65166EB8223CAE56008A9831 /* Assets.xcassets */,
				65166EBA223CAE56008A9831 /* LaunchScreen.storyboard */,
				65166EBD223CAE56008A9831 /* Info.plist */,
			);
			path = Unihack2019;
			sourceTree = "<group>";
		};
		65166EC5223CAE56008A9831 /* Unihack2019Tests */ = {
			isa = PBXGroup;
			children = (
				65166EC6223CAE56008A9831 /* Unihack2019Tests.swift */,
				65166EC8223CAE56008A9831 /* Info.plist */,
			);
			path = Unihack2019Tests;
			sourceTree = "<group>";
		};
		65166ED0223CAE57008A9831 /* Unihack2019UITests */ = {
			isa = PBXGroup;
			children = (
				65166ED1223CAE57008A9831 /* Unihack2019UITests.swift */,
				65166ED3223CAE57008A9831 /* Info.plist */,
			);
			path = Unihack2019UITests;
			sourceTree = "<group>";
		};
/* End PBXGroup section */

/* Begin PBXNativeTarget section */
		65166EAD223CAE53008A9831 /* Unihack2019 */ = {
			isa = PBXNativeTarget;
			buildConfigurationList = 65166ED6223CAE57008A9831 /* Build configuration list for PBXNativeTarget "Unihack2019" */;
			buildPhases = (
				65166EAA223CAE53008A9831 /* Sources */,
				65166EAB223CAE53008A9831 /* Frameworks */,
				65166EAC223CAE53008A9831 /* Resources */,
			);
			buildRules = (
			);
			dependencies = (
			);
			name = Unihack2019;
			productName = Unihack2019;
			productReference = 65166EAE223CAE53008A9831 /* Unihack2019.app */;
			productType = "com.apple.product-type.application";
		};
		65166EC1223CAE56008A9831 /* Unihack2019Tests */ = {
			isa = PBXNativeTarget;
			buildConfigurationList = 65166ED9223CAE57008A9831 /* Build configuration list for PBXNativeTarget "Unihack2019Tests" */;
			buildPhases = (
				65166EBE223CAE56008A9831 /* Sources */,
				65166EBF223CAE56008A9831 /* Frameworks */,
				65166EC0223CAE56008A9831 /* Resources */,
			);
			buildRules = (
			);
			dependencies = (
				65166EC4223CAE56008A9831 /* PBXTargetDependency */,
			);
			name = Unihack2019Tests;
			productName = Unihack2019Tests;
			productReference = 65166EC2223CAE56008A9831 /* Unihack2019Tests.xctest */;
			productType = "com.apple.product-type.bundle.unit-test";
		};
		65166ECC223CAE56008A9831 /* Unihack2019UITests */ = {
			isa = PBXNativeTarget;
			buildConfigurationList = 65166EDC223CAE57008A9831 /* Build configuration list for PBXNativeTarget "Unihack2019UITests" */;
			buildPhases = (
				65166EC9223CAE56008A9831 /* Sources */,
				65166ECA223CAE56008A9831 /* Frameworks */,
				65166ECB223CAE56008A9831 /* Resources */,
			);
			buildRules = (
			);
			dependencies = (
				65166ECF223CAE57008A9831 /* PBXTargetDependency */,
			);
			name = Unihack2019UITests;
			productName = Unihack2019UITests;
			productReference = 65166ECD223CAE56008A9831 /* Unihack2019UITests.xctest */;
			productType = "com.apple.product-type.bundle.ui-testing";
		};
/* End PBXNativeTarget section */

/* Begin PBXProject section */
		65166EA6223CAE52008A9831 /* Project object */ = {
			isa = PBXProject;
			attributes = {
				LastSwiftUpdateCheck = 1010;
				LastUpgradeCheck = 1010;
				ORGANIZATIONNAME = "Gabrielle Chandrasaputra";
				TargetAttributes = {
					65166EAD223CAE53008A9831 = {
						CreatedOnToolsVersion = 10.1;
					};
					65166EC1223CAE56008A9831 = {
						CreatedOnToolsVersion = 10.1;
						TestTargetID = 65166EAD223CAE53008A9831;
					};
					65166ECC223CAE56008A9831 = {
						CreatedOnToolsVersion = 10.1;
						TestTargetID = 65166EAD223CAE53008A9831;
					};
				};
			};
			buildConfigurationList = 65166EA9223CAE52008A9831 /* Build configuration list for PBXProject "Unihack2019" */;
			compatibilityVersion = "Xcode 9.3";
			developmentRegion = en;
			hasScannedForEncodings = 0;
			knownRegions = (
				en,
				Base,
			);
			mainGroup = 65166EA5223CAE52008A9831;
			productRefGroup = 65166EAF223CAE53008A9831 /* Products */;
			projectDirPath = "";
			projectRoot = "";
			targets = (
				65166EAD223CAE53008A9831 /* Unihack2019 */,
				65166EC1223CAE56008A9831 /* Unihack2019Tests */,
				65166ECC223CAE56008A9831 /* Unihack2019UITests */,
			);
		};
/* End PBXProject section */

/* Begin PBXResourcesBuildPhase section */
		65166EAC223CAE53008A9831 /* Resources */ = {
			isa = PBXResourcesBuildPhase;
			buildActionMask = 2147483647;
			files = (
				65166EBC223CAE56008A9831 /* LaunchScreen.storyboard in Resources */,
				65166EB9223CAE56008A9831 /* Assets.xcassets in Resources */,
				65166EB7223CAE53008A9831 /* Main.storyboard in Resources */,
			);
			runOnlyForDeploymentPostprocessing = 0;
		};
		65166EC0223CAE56008A9831 /* Resources */ = {
			isa = PBXResourcesBuildPhase;
			buildActionMask = 2147483647;
			files = (
			);
			runOnlyForDeploymentPostprocessing = 0;
		};
		65166ECB223CAE56008A9831 /* Resources */ = {
			isa = PBXResourcesBuildPhase;
			buildActionMask = 2147483647;
			files = (
			);
			runOnlyForDeploymentPostprocessing = 0;
		};
/* End PBXResourcesBuildPhase section */

/* Begin PBXSourcesBuildPhase section */
		65166EAA223CAE53008A9831 /* Sources */ = {
			isa = PBXSourcesBuildPhase;
			buildActionMask = 2147483647;
			files = (
				65166EB4223CAE53008A9831 /* HomeViewController.swift in Sources */,
				65166EB2223CAE53008A9831 /* AppDelegate.swift in Sources */,
			);
			runOnlyForDeploymentPostprocessing = 0;
		};
		65166EBE223CAE56008A9831 /* Sources */ = {
			isa = PBXSourcesBuildPhase;
			buildActionMask = 2147483647;
			files = (
				65166EC7223CAE56008A9831 /* Unihack2019Tests.swift in Sources */,
			);
			runOnlyForDeploymentPostprocessing = 0;
		};
		65166EC9223CAE56008A9831 /* Sources */ = {
			isa = PBXSourcesBuildPhase;
			buildActionMask = 2147483647;
			files = (
				65166ED2223CAE57008A9831 /* Unihack2019UITests.swift in Sources */,
			);
			runOnlyForDeploymentPostprocessing = 0;
		};
/* End PBXSourcesBuildPhase section */

/* Begin PBXTargetDependency section */
		65166EC4223CAE56008A9831 /* PBXTargetDependency */ = {
			isa = PBXTargetDependency;
			target = 65166EAD223CAE53008A9831 /* Unihack2019 */;
			targetProxy = 65166EC3223CAE56008A9831 /* PBXContainerItemProxy */;
		};
		65166ECF223CAE57008A9831 /* PBXTargetDependency */ = {
			isa = PBXTargetDependency;
			target = 65166EAD223CAE53008A9831 /* Unihack2019 */;
			targetProxy = 65166ECE223CAE57008A9831 /* PBXContainerItemProxy */;
		};
/* End PBXTargetDependency section */

/* Begin PBXVariantGroup section */
		65166EB5223CAE53008A9831 /* Main.storyboard */ = {
			isa = PBXVariantGroup;
			children = (
				65166EB6223CAE53008A9831 /* Base */,
			);
			name = Main.storyboard;
			sourceTree = "<group>";
		};
		65166EBA223CAE56008A9831 /* LaunchScreen.storyboard */ = {
			isa = PBXVariantGroup;
			children = (
				65166EBB223CAE56008A9831 /* Base */,
			);
			name = LaunchScreen.storyboard;
			sourceTree = "<group>";
		};
/* End PBXVariantGroup section */

/* Begin XCBuildConfiguration section */
		65166ED4223CAE57008A9831 /* Debug */ = {
			isa = XCBuildConfiguration;
			buildSettings = {
				ALWAYS_SEARCH_USER_PATHS = NO;
				CLANG_ANALYZER_NONNULL = YES;
				CLANG_ANALYZER_NUMBER_OBJECT_CONVERSION = YES_AGGRESSIVE;
				CLANG_CXX_LANGUAGE_STANDARD = "gnu++14";
				CLANG_CXX_LIBRARY = "libc++";
				CLANG_ENABLE_MODULES = YES;
				CLANG_ENABLE_OBJC_ARC = YES;
				CLANG_ENABLE_OBJC_WEAK = YES;
				CLANG_WARN_BLOCK_CAPTURE_AUTORELEASING = YES;
				CLANG_WARN_BOOL_CONVERSION = YES;
				CLANG_WARN_COMMA = YES;
				CLANG_WARN_CONSTANT_CONVERSION = YES;
				CLANG_WARN_DEPRECATED_OBJC_IMPLEMENTATIONS = YES;
				CLANG_WARN_DIRECT_OBJC_ISA_USAGE = YES_ERROR;
				CLANG_WARN_DOCUMENTATION_COMMENTS = YES;
				CLANG_WARN_EMPTY_BODY = YES;
				CLANG_WARN_ENUM_CONVERSION = YES;
				CLANG_WARN_INFINITE_RECURSION = YES;
				CLANG_WARN_INT_CONVERSION = YES;
				CLANG_WARN_NON_LITERAL_NULL_CONVERSION = YES;
				CLANG_WARN_OBJC_IMPLICIT_RETAIN_SELF = YES;
				CLANG_WARN_OBJC_LITERAL_CONVERSION = YES;
				CLANG_WARN_OBJC_ROOT_CLASS = YES_ERROR;
				CLANG_WARN_RANGE_LOOP_ANALYSIS = YES;
				CLANG_WARN_STRICT_PROTOTYPES = YES;
				CLANG_WARN_SUSPICIOUS_MOVE = YES;
				CLANG_WARN_UNGUARDED_AVAILABILITY = YES_AGGRESSIVE;
				CLANG_WARN_UNREACHABLE_CODE = YES;
				CLANG_WARN__DUPLICATE_METHOD_MATCH = YES;
				CODE_SIGN_IDENTITY = "iPhone Developer";
				COPY_PHASE_STRIP = NO;
				DEBUG_INFORMATION_FORMAT = dwarf;
				ENABLE_STRICT_OBJC_MSGSEND = YES;
				ENABLE_TESTABILITY = YES;
				GCC_C_LANGUAGE_STANDARD = gnu11;
				GCC_DYNAMIC_NO_PIC = NO;
				GCC_NO_COMMON_BLOCKS = YES;
				GCC_OPTIMIZATION_LEVEL = 0;
				GCC_PREPROCESSOR_DEFINITIONS = (
					"DEBUG=1",
					"$(inherited)",
				);
				GCC_WARN_64_TO_32_BIT_CONVERSION = YES;
				GCC_WARN_ABOUT_RETURN_TYPE = YES_ERROR;
				GCC_WARN_UNDECLARED_SELECTOR = YES;
				GCC_WARN_UNINITIALIZED_AUTOS = YES_AGGRESSIVE;
				GCC_WARN_UNUSED_FUNCTION = YES;
				GCC_WARN_UNUSED_VARIABLE = YES;
				IPHONEOS_DEPLOYMENT_TARGET = 12.1;
				MTL_ENABLE_DEBUG_INFO = INCLUDE_SOURCE;
				MTL_FAST_MATH = YES;
				ONLY_ACTIVE_ARCH = YES;
				SDKROOT = iphoneos;
				SWIFT_ACTIVE_COMPILATION_CONDITIONS = DEBUG;
				SWIFT_OPTIMIZATION_LEVEL = "-Onone";
			};
			name = Debug;
		};
		65166ED5223CAE57008A9831 /* Release */ = {
			isa = XCBuildConfiguration;
			buildSettings = {
				ALWAYS_SEARCH_USER_PATHS = NO;
				CLANG_ANALYZER_NONNULL = YES;
				CLANG_ANALYZER_NUMBER_OBJECT_CONVERSION = YES_AGGRESSIVE;
				CLANG_CXX_LANGUAGE_STANDARD = "gnu++14";
				CLANG_CXX_LIBRARY = "libc++";
				CLANG_ENABLE_MODULES = YES;
				CLANG_ENABLE_OBJC_ARC = YES;
				CLANG_ENABLE_OBJC_WEAK = YES;
				CLANG_WARN_BLOCK_CAPTURE_AUTORELEASING = YES;
				CLANG_WARN_BOOL_CONVERSION = YES;
				CLANG_WARN_COMMA = YES;
				CLANG_WARN_CONSTANT_CONVERSION = YES;
				CLANG_WARN_DEPRECATED_OBJC_IMPLEMENTATIONS = YES;
				CLANG_WARN_DIRECT_OBJC_ISA_USAGE = YES_ERROR;
				CLANG_WARN_DOCUMENTATION_COMMENTS = YES;
				CLANG_WARN_EMPTY_BODY = YES;
				CLANG_WARN_ENUM_CONVERSION = YES;
				CLANG_WARN_INFINITE_RECURSION = YES;
				CLANG_WARN_INT_CONVERSION = YES;
				CLANG_WARN_NON_LITERAL_NULL_CONVERSION = YES;
				CLANG_WARN_OBJC_IMPLICIT_RETAIN_SELF = YES;
				CLANG_WARN_OBJC_LITERAL_CONVERSION = YES;
				CLANG_WARN_OBJC_ROOT_CLASS = YES_ERROR;
				CLANG_WARN_RANGE_LOOP_ANALYSIS = YES;
				CLANG_WARN_STRICT_PROTOTYPES = YES;
				CLANG_WARN_SUSPICIOUS_MOVE = YES;
				CLANG_WARN_UNGUARDED_AVAILABILITY = YES_AGGRESSIVE;
				CLANG_WARN_UNREACHABLE_CODE = YES;
				CLANG_WARN__DUPLICATE_METHOD_MATCH = YES;
				CODE_SIGN_IDENTITY = "iPhone Developer";
				COPY_PHASE_STRIP = NO;
				DEBUG_INFORMATION_FORMAT = "dwarf-with-dsym";
				ENABLE_NS_ASSERTIONS = NO;
				ENABLE_STRICT_OBJC_MSGSEND = YES;
				GCC_C_LANGUAGE_STANDARD = gnu11;
				GCC_NO_COMMON_BLOCKS = YES;
				GCC_WARN_64_TO_32_BIT_CONVERSION = YES;
				GCC_WARN_ABOUT_RETURN_TYPE = YES_ERROR;
				GCC_WARN_UNDECLARED_SELECTOR = YES;
				GCC_WARN_UNINITIALIZED_AUTOS = YES_AGGRESSIVE;
				GCC_WARN_UNUSED_FUNCTION = YES;
				GCC_WARN_UNUSED_VARIABLE = YES;
				IPHONEOS_DEPLOYMENT_TARGET = 12.1;
				MTL_ENABLE_DEBUG_INFO = NO;
				MTL_FAST_MATH = YES;
				SDKROOT = iphoneos;
				SWIFT_COMPILATION_MODE = wholemodule;
				SWIFT_OPTIMIZATION_LEVEL = "-O";
				VALIDATE_PRODUCT = YES;
			};
			name = Release;
		};
		65166ED7223CAE57008A9831 /* Debug */ = {
			isa = XCBuildConfiguration;
			buildSettings = {
				ASSETCATALOG_COMPILER_APPICON_NAME = AppIcon;
				CODE_SIGN_STYLE = Automatic;
				INFOPLIST_FILE = Unihack2019/Info.plist;
				LD_RUNPATH_SEARCH_PATHS = (
					"$(inherited)",
					"@executable_path/Frameworks",
				);
				PRODUCT_BUNDLE_IDENTIFIER = e.Unihack2019;
				PRODUCT_NAME = "$(TARGET_NAME)";
				SWIFT_VERSION = 4.2;
				TARGETED_DEVICE_FAMILY = "1,2";
			};
			name = Debug;
		};
		65166ED8223CAE57008A9831 /* Release */ = {
			isa = XCBuildConfiguration;
			buildSettings = {
				ASSETCATALOG_COMPILER_APPICON_NAME = AppIcon;
				CODE_SIGN_STYLE = Automatic;
				INFOPLIST_FILE = Unihack2019/Info.plist;
				LD_RUNPATH_SEARCH_PATHS = (
					"$(inherited)",
					"@executable_path/Frameworks",
				);
				PRODUCT_BUNDLE_IDENTIFIER = e.Unihack2019;
				PRODUCT_NAME = "$(TARGET_NAME)";
				SWIFT_VERSION = 4.2;
				TARGETED_DEVICE_FAMILY = "1,2";
			};
			name = Release;
		};
		65166EDA223CAE57008A9831 /* Debug */ = {
			isa = XCBuildConfiguration;
			buildSettings = {
				ALWAYS_EMBED_SWIFT_STANDARD_LIBRARIES = YES;
				BUNDLE_LOADER = "$(TEST_HOST)";
				CODE_SIGN_STYLE = Automatic;
				INFOPLIST_FILE = Unihack2019Tests/Info.plist;
				LD_RUNPATH_SEARCH_PATHS = (
					"$(inherited)",
					"@executable_path/Frameworks",
					"@loader_path/Frameworks",
				);
				PRODUCT_BUNDLE_IDENTIFIER = e.Unihack2019Tests;
				PRODUCT_NAME = "$(TARGET_NAME)";
				SWIFT_VERSION = 4.2;
				TARGETED_DEVICE_FAMILY = "1,2";
				TEST_HOST = "$(BUILT_PRODUCTS_DIR)/Unihack2019.app/Unihack2019";
			};
			name = Debug;
		};
		65166EDB223CAE57008A9831 /* Release */ = {
			isa = XCBuildConfiguration;
			buildSettings = {
				ALWAYS_EMBED_SWIFT_STANDARD_LIBRARIES = YES;
				BUNDLE_LOADER = "$(TEST_HOST)";
				CODE_SIGN_STYLE = Automatic;
				INFOPLIST_FILE = Unihack2019Tests/Info.plist;
				LD_RUNPATH_SEARCH_PATHS = (
					"$(inherited)",
					"@executable_path/Frameworks",
					"@loader_path/Frameworks",
				);
				PRODUCT_BUNDLE_IDENTIFIER = e.Unihack2019Tests;
				PRODUCT_NAME = "$(TARGET_NAME)";
				SWIFT_VERSION = 4.2;
				TARGETED_DEVICE_FAMILY = "1,2";
				TEST_HOST = "$(BUILT_PRODUCTS_DIR)/Unihack2019.app/Unihack2019";
			};
			name = Release;
		};
		65166EDD223CAE57008A9831 /* Debug */ = {
			isa = XCBuildConfiguration;
			buildSettings = {
				ALWAYS_EMBED_SWIFT_STANDARD_LIBRARIES = YES;
				CODE_SIGN_STYLE = Automatic;
				INFOPLIST_FILE = Unihack2019UITests/Info.plist;
				LD_RUNPATH_SEARCH_PATHS = (
					"$(inherited)",
					"@executable_path/Frameworks",
					"@loader_path/Frameworks",
				);
				PRODUCT_BUNDLE_IDENTIFIER = e.Unihack2019UITests;
				PRODUCT_NAME = "$(TARGET_NAME)";
				SWIFT_VERSION = 4.2;
				TARGETED_DEVICE_FAMILY = "1,2";
				TEST_TARGET_NAME = Unihack2019;
			};
			name = Debug;
		};
		65166EDE223CAE57008A9831 /* Release */ = {
			isa = XCBuildConfiguration;
			buildSettings = {
				ALWAYS_EMBED_SWIFT_STANDARD_LIBRARIES = YES;
				CODE_SIGN_STYLE = Automatic;
				INFOPLIST_FILE = Unihack2019UITests/Info.plist;
				LD_RUNPATH_SEARCH_PATHS = (
					"$(inherited)",
					"@executable_path/Frameworks",
					"@loader_path/Frameworks",
				);
				PRODUCT_BUNDLE_IDENTIFIER = e.Unihack2019UITests;
				PRODUCT_NAME = "$(TARGET_NAME)";
				SWIFT_VERSION = 4.2;
				TARGETED_DEVICE_FAMILY = "1,2";
				TEST_TARGET_NAME = Unihack2019;
			};
			name = Release;
		};
/* End XCBuildConfiguration section */

/* Begin XCConfigurationList section */
		65166EA9223CAE52008A9831 /* Build configuration list for PBXProject "Unihack2019" */ = {
			isa = XCConfigurationList;
			buildConfigurations = (
				65166ED4223CAE57008A9831 /* Debug */,
				65166ED5223CAE57008A9831 /* Release */,
			);
			defaultConfigurationIsVisible = 0;
			defaultConfigurationName = Release;
		};
		65166ED6223CAE57008A9831 /* Build configuration list for PBXNativeTarget "Unihack2019" */ = {
			isa = XCConfigurationList;
			buildConfigurations = (
				65166ED7223CAE57008A9831 /* Debug */,
				65166ED8223CAE57008A9831 /* Release */,
			);
			defaultConfigurationIsVisible = 0;
			defaultConfigurationName = Release;
		};
		65166ED9223CAE57008A9831 /* Build configuration list for PBXNativeTarget "Unihack2019Tests" */ = {
			isa = XCConfigurationList;
			buildConfigurations = (
				65166EDA223CAE57008A9831 /* Debug */,
				65166EDB223CAE57008A9831 /* Release */,
			);
			defaultConfigurationIsVisible = 0;
			defaultConfigurationName = Release;
		};
		65166EDC223CAE57008A9831 /* Build configuration list for PBXNativeTarget "Unihack2019UITests" */ = {
			isa = XCConfigurationList;
			buildConfigurations = (
				65166EDD223CAE57008A9831 /* Debug */,
				65166EDE223CAE57008A9831 /* Release */,
			);
			defaultConfigurationIsVisible = 0;
			defaultConfigurationName = Release;
		};
/* End XCConfigurationList section */
	};
	rootObject = 65166EA6223CAE52008A9831 /* Project object */;
}
